
Microsoft Visual Studio Solution File, Format Version 12.00
# Visual Studio Version 17
VisualStudioVersion = 17.14.36623.8 d17.14
MinimumVisualStudioVersion = 10.0.40219.1
Project("{FAE04EC0-301F-11D3-BF4B-00C04F79EFBC}") = "AbyssalDepths", "AbyssalDepths\AbyssalDepths.csproj", "{7CC2468C-55E8-4DD3-A910-3C0F6B7C2981}"
EndProject
Project("{FAE04EC0-301F-11D3-BF4B-00C04F79EFBC}") = "CakeBuild", "ZZCakeBuild\CakeBuild.csproj", "{A29F2DFB-A466-413C-B812-9A35052F8124}"
EndProject
Global
	GlobalSection(SolutionConfigurationPlatforms) = preSolution
		Debug|Any CPU = Debug|Any CPU
		Release|Any CPU = Release|Any CPU
	EndGlobalSection
	GlobalSection(ProjectConfigurationPlatforms) = postSolution
		{7CC2468C-55E8-4DD3-A910-3C0F6B7C2981}.Debug|Any CPU.ActiveCfg = Debug|Any CPU
		{7CC2468C-55E8-4DD3-A910-3C0F6B7C2981}.Debug|Any CPU.Build.0 = Debug|Any CPU
		{7CC2468C-55E8-4DD3-A910-3C0F6B7C2981}.Release|Any CPU.ActiveCfg = Release|Any CPU
		{7CC2468C-55E8-4DD3-A910-3C0F6B7C2981}.Release|Any CPU.Build.0 = Release|Any CPU
		{A29F2DFB-A466-413C-B812-9A35052F8124}.Debug|Any CPU.ActiveCfg = Debug|Any CPU
		{A29F2DFB-A466-413C-B812-9A35052F8124}.Debug|Any CPU.Build.0 = Debug|Any CPU
		{A29F2DFB-A466-413C-B812-9A35052F8124}.Release|Any CPU.ActiveCfg = Release|Any CPU
		{A29F2DFB-A466-413C-B812-9A35052F8124}.Release|Any CPU.Build.0 = Release|Any CPU
	EndGlobalSection
	GlobalSection(SolutionProperties) = preSolution
		HideSolutionNode = FALSE
	EndGlobalSection
	GlobalSection(ExtensibilityGlobals) = postSolution
		SolutionGuid = {2DC5EB89-8FA7-4BDC-BA41-E9624B2D1A05}
	EndGlobalSection
EndGlobal
